lockVersion: 2.0.0
id: 4eb12f96-f428-4bb6-b939-70582497ed17
management:
  docChecksum: a6bac58f2bf21d8303073b5c8c97a5f9
  docVersion: 0.1.0
  speakeasyVersion: 1.351.0
  generationVersion: 2.384.1
  releaseVersion: 0.7.1
  configChecksum: 4a252e7b5466e4cc16e74f744bc0939c
features:
  go:
    additionalDependencies: 0.1.0
    core: 3.5.2
    defaultEnabledRetries: 0.2.0
    envVarSecurityUsage: 0.2.1
    errors: 2.81.9
    globalSecurity: 2.82.9
    globalSecurityCallbacks: 0.1.0
    globalServerURLs: 2.82.2
    intellisenseMarkdownSupport: 0.1.0
    nullables: 0.1.0
    oauth2ClientCredentials: 0.1.1
    responseFormat: 0.1.2
    retries: 2.83.0
    sdkHooks: 0.1.0
generatedFiles:
  - v1.go
  - auth.go
  - formance.go
  - go.mod
  - models/sdkerrors/sdkerror.go
  - retry/config.go
  - types/bigint.go
  - types/date.go
  - types/datetime.go
  - types/decimal.go
  - types/pointers.go
  - internal/utils/contenttype.go
  - internal/utils/form.go
  - internal/utils/headers.go
  - internal/utils/json.go
  - internal/utils/pathparams.go
  - internal/utils/queryparams.go
  - internal/utils/requestbody.go
  - internal/utils/retries.go
  - internal/utils/security.go
  - internal/utils/utils.go
  - /models/operations/getoidcwellknowns.go
  - /models/operations/getserverinfo.go
  - /models/operations/listclients.go
  - /models/operations/createclient.go
  - /models/operations/readclient.go
  - /models/operations/updateclient.go
  - /models/operations/deleteclient.go
  - /models/operations/createsecret.go
  - /models/operations/deletesecret.go
  - /models/operations/listusers.go
  - /models/operations/readuser.go
  - /models/components/httpmetadata.go
  - /models/components/serverinfo.go
  - /models/components/listclientsresponse.go
  - /models/components/client.go
  - /models/components/clientsecret.go
  - /models/components/createclientresponse.go
  - /models/components/createclientrequest.go
  - /models/components/readclientresponse.go
  - /models/components/updateclientresponse.go
  - /models/components/updateclientrequest.go
  - /models/components/createsecretresponse.go
  - /models/components/secret.go
  - /models/components/createsecretrequest.go
  - /models/components/listusersresponse.go
  - /models/components/user.go
  - /models/components/readuserresponse.go
  - /models/components/security.go
  - docs/models/operations/getoidcwellknownsresponse.md
  - docs/models/operations/getserverinforesponse.md
  - docs/models/operations/listclientsresponse.md
  - docs/models/operations/createclientresponse.md
  - docs/models/operations/readclientrequest.md
  - docs/models/operations/readclientresponse.md
  - docs/models/operations/updateclientrequest.md
  - docs/models/operations/updateclientresponse.md
  - docs/models/operations/deleteclientrequest.md
  - docs/models/operations/deleteclientresponse.md
  - docs/models/operations/createsecretrequest.md
  - docs/models/operations/createsecretresponse.md
  - docs/models/operations/deletesecretrequest.md
  - docs/models/operations/deletesecretresponse.md
  - docs/models/operations/listusersresponse.md
  - docs/models/operations/readuserrequest.md
  - docs/models/operations/readuserresponse.md
  - docs/models/components/httpmetadata.md
  - docs/models/components/serverinfo.md
  - docs/models/components/listclientsresponse.md
  - docs/models/components/client.md
  - docs/models/components/clientsecret.md
  - docs/models/components/createclientresponse.md
  - docs/models/components/createclientrequest.md
  - docs/models/components/readclientresponse.md
  - docs/models/components/updateclientresponse.md
  - docs/models/components/updateclientrequest.md
  - docs/models/components/createsecretresponse.md
  - docs/models/components/secret.md
  - docs/models/components/createsecretrequest.md
  - docs/models/components/listusersresponse.md
  - docs/models/components/user.md
  - docs/models/components/readuserresponse.md
  - docs/models/components/security.md
  - docs/sdks/formance/README.md
  - docs/sdks/auth/README.md
  - docs/models/operations/option.md
  - docs/sdks/v1/README.md
  - USAGE.md
  - models/operations/options.go
  - .gitattributes
  - internal/hooks/hooks.go
  - internal/hooks/clientcredentials.go
  - CONTRIBUTING.md
